
Microsoft Visual Studio Solution File, Format Version 12.00
# Visual Studio Version 17
VisualStudioVersion = 17.6.33829.357
MinimumVisualStudioVersion = 10.0.40219.1
Project("{9A19103F-16F7-4668-BE54-9A1E7A4F7556}") = "Variables", "Variables\Variables.csproj", "{E7BCA462-378F-4A2F-87F5-FB2B65AD1C05}"
EndProject
Project("{9A19103F-16F7-4668-BE54-9A1E7A4F7556}") = "TipoDeDato", "TipoDeDato\TipoDeDato.csproj", "{E22E80B7-62DC-44E9-AB35-7FA752449E9D}"
EndProject
Project("{9A19103F-16F7-4668-BE54-9A1E7A4F7556}") = "Funciones", "Funciones\Funciones.csproj", "{1DD0C9E1-3998-495B-A93C-39193AE320BD}"
EndProject
Project("{9A19103F-16F7-4668-BE54-9A1E7A4F7556}") = "SentenciaIfElseIf", "SentenciaIfElseIf\SentenciaIfElseIf.csproj", "{4E62A903-777F-4719-92D9-CAAF14A5BBC8}"
EndProject
Project("{9A19103F-16F7-4668-BE54-9A1E7A4F7556}") = "SwitchCase", "SwitchCase\SwitchCase.csproj", "{091AB3C9-7134-47C7-A01A-F79A8F11A4E7}"
EndProject
Project("{9A19103F-16F7-4668-BE54-9A1E7A4F7556}") = "Arreglos", "Arreglos\Arreglos.csproj", "{7BF6938B-9392-4439-8E53-D6B51B962A4A}"
EndProject
Project("{9A19103F-16F7-4668-BE54-9A1E7A4F7556}") = "While", "While\While.csproj", "{98CD4E9E-C589-4AB1-8951-84630D8CD022}"
EndProject
Project("{9A19103F-16F7-4668-BE54-9A1E7A4F7556}") = "For", "ConsoleApp1\For.csproj", "{0B7E7CB8-75C1-4E31-9BBD-DC72CB87B890}"
EndProject
Project("{9A19103F-16F7-4668-BE54-9A1E7A4F7556}") = "ClasesYObjetos", "ClasesYObjetos\ClasesYObjetos.csproj", "{B9A7E05D-C98A-4363-85B8-55579B961AB3}"
EndProject
Project("{9A19103F-16F7-4668-BE54-9A1E7A4F7556}") = "Propiedades", "Propiedades\Propiedades.csproj", "{F338ED92-E939-4555-B9D8-30FCFE3E2EF0}"
EndProject
Project("{9A19103F-16F7-4668-BE54-9A1E7A4F7556}") = "Herencia", "ConsoleApp2\Herencia.csproj", "{2767EF5D-433A-4091-A3FE-79C76CBA5DEC}"
EndProject
Project("{9A19103F-16F7-4668-BE54-9A1E7A4F7556}") = "Sobrecarga", "Sobrecarga\Sobrecarga.csproj", "{FFF41587-5F15-4F27-B5D7-13393F766710}"
EndProject
Project("{9A19103F-16F7-4668-BE54-9A1E7A4F7556}") = "SobreEscritura", "SobreEscritura\SobreEscritura.csproj", "{BF1BB64A-255B-4F8D-B572-49C23673B568}"
EndProject
Project("{9A19103F-16F7-4668-BE54-9A1E7A4F7556}") = "Static", "Static\Static.csproj", "{53BE9C94-393F-46DF-89DD-CC9CAA09ECF3}"
EndProject
Project("{9A19103F-16F7-4668-BE54-9A1E7A4F7556}") = "Interface", "Interface\Interface.csproj", "{5BE4B031-7E8D-49CC-B1C8-8352BFF959AB}"
EndProject
Project("{9A19103F-16F7-4668-BE54-9A1E7A4F7556}") = "Interfacev2", "Interfacev2\Interfacev2.csproj", "{992B3173-D334-474E-B01A-31BFFE162772}"
EndProject
Project("{9A19103F-16F7-4668-BE54-9A1E7A4F7556}") = "Generics", "Generics\Generics.csproj", "{438DCA81-BBF4-4D35-9917-47F7282F44FC}"
EndProject
Project("{9A19103F-16F7-4668-BE54-9A1E7A4F7556}") = "Json", "Json\Json.csproj", "{4C65310C-D2E8-42CD-A50E-0B4528D9EC84}"
EndProject
Project("{2150E333-8FDC-42A3-9474-1A3956D46DE8}") = "1-fundamentos", "1-fundamentos", "{782D5FD3-AC43-4534-8286-6843772BCD34}"
EndProject
Project("{2150E333-8FDC-42A3-9474-1A3956D46DE8}") = "2-Listas y sentencias", "2-Listas y sentencias", "{A15A0C2C-0F00-4A5B-BE12-65A64D1B6F9E}"
EndProject
Project("{9A19103F-16F7-4668-BE54-9A1E7A4F7556}") = "Lists", "Lists\Lists.csproj", "{5401A299-40FA-4964-8050-3B0A510E85E3}"
EndProject
Project("{9A19103F-16F7-4668-BE54-9A1E7A4F7556}") = "ForEach", "ForEach\ForEach.csproj", "{3B9D8256-E672-4B73-835B-809054C53773}"
EndProject
Project("{9A19103F-16F7-4668-BE54-9A1E7A4F7556}") = "ListCommonMethods", "ListCommonMethods\ListCommonMethods.csproj", "{9C340C08-FBDE-4C19-BBCF-803393BDE25E}"
EndProject
Project("{2150E333-8FDC-42A3-9474-1A3956D46DE8}") = "3-tipo de datos anonimos", "3-tipo de datos anonimos", "{2192D81A-1529-4206-9B6B-CDA56B525704}"
EndProject
Project("{9A19103F-16F7-4668-BE54-9A1E7A4F7556}") = "TiposAnonimos", "TiposAnonimos\TiposAnonimos.csproj", "{EF37DE68-68D8-4EDA-AC51-928EE6950034}"
EndProject
Project("{9A19103F-16F7-4668-BE54-9A1E7A4F7556}") = "Tuplas", "Tuplas\Tuplas.csproj", "{66235791-0D17-4E3B-8A56-D61A575B899A}"
EndProject
Project("{2150E333-8FDC-42A3-9474-1A3956D46DE8}") = "4-excepciones", "4-excepciones", "{BEFDE562-802F-46D1-93F3-6ED0CC4CE284}"
EndProject
Project("{9A19103F-16F7-4668-BE54-9A1E7A4F7556}") = "Excepciones", "Excepciones\Excepciones.csproj", "{9B71B976-419E-4DB8-A9A9-E862AC000E1B}"
EndProject
Project("{9A19103F-16F7-4668-BE54-9A1E7A4F7556}") = "ExcepcionesPersonalizados", "ExcepcionesPersonalizados\ExcepcionesPersonalizados.csproj", "{379A58EA-971E-47B9-8F15-5CBAC3002E02}"
EndProject
Project("{2150E333-8FDC-42A3-9474-1A3956D46DE8}") = "5-LINQ", "5-LINQ", "{21D3B30E-B52A-4858-A885-F69AD60E2BEF}"
EndProject
Project("{9A19103F-16F7-4668-BE54-9A1E7A4F7556}") = "LINQ", "LINQ\LINQ.csproj", "{2F52A9DB-3A50-48AA-A5D2-2456ECD0843C}"
EndProject
Project("{9A19103F-16F7-4668-BE54-9A1E7A4F7556}") = "LINQ2", "LINQ2\LINQ2.csproj", "{ACAC523B-25A2-4105-A59E-90BA0A528007}"
EndProject
Project("{9A19103F-16F7-4668-BE54-9A1E7A4F7556}") = "LINQ-join", "LINQ-join\LINQ-join.csproj", "{7F5B4A7B-7608-4AB3-9262-441466F86797}"
EndProject
Project("{2150E333-8FDC-42A3-9474-1A3956D46DE8}") = "6-base de datos", "6-base de datos", "{6157098C-B166-4605-A92E-D901C058F16F}"
EndProject
Project("{9A19103F-16F7-4668-BE54-9A1E7A4F7556}") = "BaseDeDatos", "BaseDeDatos\BaseDeDatos.csproj", "{34FAA7B5-563C-4492-AAC9-E9391313CF88}"
EndProject
Project("{2150E333-8FDC-42A3-9474-1A3956D46DE8}") = "7-EntityFramwordk", "7-EntityFramwordk", "{C14EF0F4-0108-41F9-A5E8-4CAA5FBE6E2E}"
EndProject
Project("{9A19103F-16F7-4668-BE54-9A1E7A4F7556}") = "BD", "BD\BD.csproj", "{D4DC2CE3-7AED-47AF-A145-1D32A19783C1}"
EndProject
Project("{9A19103F-16F7-4668-BE54-9A1E7A4F7556}") = "EntityFrameworkSystem", "EntityFrameworkSystem\EntityFrameworkSystem.csproj", "{11828765-C336-4442-B50C-845168ABEA25}"
EndProject
Project("{2150E333-8FDC-42A3-9474-1A3956D46DE8}") = "8-programacion funcional", "8-programacion funcional", "{51458713-A9AA-448B-A527-91DB8CA9D91A}"
EndProject
Project("{FAE04EC0-301F-11D3-BF4B-00C04F79EFBC}") = "FunctionPrograming", "FunctionPrograming\FunctionPrograming.csproj", "{318AB271-550C-463D-90ED-EFA9E96E3D66}"
EndProject
Global
	GlobalSection(SolutionConfigurationPlatforms) = preSolution
		Debug|Any CPU = Debug|Any CPU
		Release|Any CPU = Release|Any CPU
	EndGlobalSection
	GlobalSection(ProjectConfigurationPlatforms) = postSolution
		{E7BCA462-378F-4A2F-87F5-FB2B65AD1C05}.Debug|Any CPU.ActiveCfg = Debug|Any CPU
		{E7BCA462-378F-4A2F-87F5-FB2B65AD1C05}.Debug|Any CPU.Build.0 = Debug|Any CPU
		{E7BCA462-378F-4A2F-87F5-FB2B65AD1C05}.Release|Any CPU.ActiveCfg = Release|Any CPU
		{E7BCA462-378F-4A2F-87F5-FB2B65AD1C05}.Release|Any CPU.Build.0 = Release|Any CPU
		{E22E80B7-62DC-44E9-AB35-7FA752449E9D}.Debug|Any CPU.ActiveCfg = Debug|Any CPU
		{E22E80B7-62DC-44E9-AB35-7FA752449E9D}.Debug|Any CPU.Build.0 = Debug|Any CPU
		{E22E80B7-62DC-44E9-AB35-7FA752449E9D}.Release|Any CPU.ActiveCfg = Release|Any CPU
		{E22E80B7-62DC-44E9-AB35-7FA752449E9D}.Release|Any CPU.Build.0 = Release|Any CPU
		{1DD0C9E1-3998-495B-A93C-39193AE320BD}.Debug|Any CPU.ActiveCfg = Debug|Any CPU
		{1DD0C9E1-3998-495B-A93C-39193AE320BD}.Debug|Any CPU.Build.0 = Debug|Any CPU
		{1DD0C9E1-3998-495B-A93C-39193AE320BD}.Release|Any CPU.ActiveCfg = Release|Any CPU
		{1DD0C9E1-3998-495B-A93C-39193AE320BD}.Release|Any CPU.Build.0 = Release|Any CPU
		{4E62A903-777F-4719-92D9-CAAF14A5BBC8}.Debug|Any CPU.ActiveCfg = Debug|Any CPU
		{4E62A903-777F-4719-92D9-CAAF14A5BBC8}.Debug|Any CPU.Build.0 = Debug|Any CPU
		{4E62A903-777F-4719-92D9-CAAF14A5BBC8}.Release|Any CPU.ActiveCfg = Release|Any CPU
		{4E62A903-777F-4719-92D9-CAAF14A5BBC8}.Release|Any CPU.Build.0 = Release|Any CPU
		{091AB3C9-7134-47C7-A01A-F79A8F11A4E7}.Debug|Any CPU.ActiveCfg = Debug|Any CPU
		{091AB3C9-7134-47C7-A01A-F79A8F11A4E7}.Debug|Any CPU.Build.0 = Debug|Any CPU
		{091AB3C9-7134-47C7-A01A-F79A8F11A4E7}.Release|Any CPU.ActiveCfg = Release|Any CPU
		{091AB3C9-7134-47C7-A01A-F79A8F11A4E7}.Release|Any CPU.Build.0 = Release|Any CPU
		{7BF6938B-9392-4439-8E53-D6B51B962A4A}.Debug|Any CPU.ActiveCfg = Debug|Any CPU
		{7BF6938B-9392-4439-8E53-D6B51B962A4A}.Debug|Any CPU.Build.0 = Debug|Any CPU
		{7BF6938B-9392-4439-8E53-D6B51B962A4A}.Release|Any CPU.ActiveCfg = Release|Any CPU
		{7BF6938B-9392-4439-8E53-D6B51B962A4A}.Release|Any CPU.Build.0 = Release|Any CPU
		{98CD4E9E-C589-4AB1-8951-84630D8CD022}.Debug|Any CPU.ActiveCfg = Debug|Any CPU
		{98CD4E9E-C589-4AB1-8951-84630D8CD022}.Debug|Any CPU.Build.0 = Debug|Any CPU
		{98CD4E9E-C589-4AB1-8951-84630D8CD022}.Release|Any CPU.ActiveCfg = Release|Any CPU
		{98CD4E9E-C589-4AB1-8951-84630D8CD022}.Release|Any CPU.Build.0 = Release|Any CPU
		{0B7E7CB8-75C1-4E31-9BBD-DC72CB87B890}.Debug|Any CPU.ActiveCfg = Debug|Any CPU
		{0B7E7CB8-75C1-4E31-9BBD-DC72CB87B890}.Debug|Any CPU.Build.0 = Debug|Any CPU
		{0B7E7CB8-75C1-4E31-9BBD-DC72CB87B890}.Release|Any CPU.ActiveCfg = Release|Any CPU
		{0B7E7CB8-75C1-4E31-9BBD-DC72CB87B890}.Release|Any CPU.Build.0 = Release|Any CPU
		{B9A7E05D-C98A-4363-85B8-55579B961AB3}.Debug|Any CPU.ActiveCfg = Debug|Any CPU
		{B9A7E05D-C98A-4363-85B8-55579B961AB3}.Debug|Any CPU.Build.0 = Debug|Any CPU
		{B9A7E05D-C98A-4363-85B8-55579B961AB3}.Release|Any CPU.ActiveCfg = Release|Any CPU
		{B9A7E05D-C98A-4363-85B8-55579B961AB3}.Release|Any CPU.Build.0 = Release|Any CPU
		{F338ED92-E939-4555-B9D8-30FCFE3E2EF0}.Debug|Any CPU.ActiveCfg = Debug|Any CPU
		{F338ED92-E939-4555-B9D8-30FCFE3E2EF0}.Debug|Any CPU.Build.0 = Debug|Any CPU
		{F338ED92-E939-4555-B9D8-30FCFE3E2EF0}.Release|Any CPU.ActiveCfg = Release|Any CPU
		{F338ED92-E939-4555-B9D8-30FCFE3E2EF0}.Release|Any CPU.Build.0 = Release|Any CPU
		{2767EF5D-433A-4091-A3FE-79C76CBA5DEC}.Debug|Any CPU.ActiveCfg = Debug|Any CPU
		{2767EF5D-433A-4091-A3FE-79C76CBA5DEC}.Debug|Any CPU.Build.0 = Debug|Any CPU
		{2767EF5D-433A-4091-A3FE-79C76CBA5DEC}.Release|Any CPU.ActiveCfg = Release|Any CPU
		{2767EF5D-433A-4091-A3FE-79C76CBA5DEC}.Release|Any CPU.Build.0 = Release|Any CPU
		{FFF41587-5F15-4F27-B5D7-13393F766710}.Debug|Any CPU.ActiveCfg = Debug|Any CPU
		{FFF41587-5F15-4F27-B5D7-13393F766710}.Debug|Any CPU.Build.0 = Debug|Any CPU
		{FFF41587-5F15-4F27-B5D7-13393F766710}.Release|Any CPU.ActiveCfg = Release|Any CPU
		{FFF41587-5F15-4F27-B5D7-13393F766710}.Release|Any CPU.Build.0 = Release|Any CPU
		{BF1BB64A-255B-4F8D-B572-49C23673B568}.Debug|Any CPU.ActiveCfg = Debug|Any CPU
		{BF1BB64A-255B-4F8D-B572-49C23673B568}.Debug|Any CPU.Build.0 = Debug|Any CPU
		{BF1BB64A-255B-4F8D-B572-49C23673B568}.Release|Any CPU.ActiveCfg = Release|Any CPU
		{BF1BB64A-255B-4F8D-B572-49C23673B568}.Release|Any CPU.Build.0 = Release|Any CPU
		{53BE9C94-393F-46DF-89DD-CC9CAA09ECF3}.Debug|Any CPU.ActiveCfg = Debug|Any CPU
		{53BE9C94-393F-46DF-89DD-CC9CAA09ECF3}.Debug|Any CPU.Build.0 = Debug|Any CPU
		{53BE9C94-393F-46DF-89DD-CC9CAA09ECF3}.Release|Any CPU.ActiveCfg = Release|Any CPU
		{53BE9C94-393F-46DF-89DD-CC9CAA09ECF3}.Release|Any CPU.Build.0 = Release|Any CPU
		{5BE4B031-7E8D-49CC-B1C8-8352BFF959AB}.Debug|Any CPU.ActiveCfg = Debug|Any CPU
		{5BE4B031-7E8D-49CC-B1C8-8352BFF959AB}.Debug|Any CPU.Build.0 = Debug|Any CPU
		{5BE4B031-7E8D-49CC-B1C8-8352BFF959AB}.Release|Any CPU.ActiveCfg = Release|Any CPU
		{5BE4B031-7E8D-49CC-B1C8-8352BFF959AB}.Release|Any CPU.Build.0 = Release|Any CPU
		{992B3173-D334-474E-B01A-31BFFE162772}.Debug|Any CPU.ActiveCfg = Debug|Any CPU
		{992B3173-D334-474E-B01A-31BFFE162772}.Debug|Any CPU.Build.0 = Debug|Any CPU
		{992B3173-D334-474E-B01A-31BFFE162772}.Release|Any CPU.ActiveCfg = Release|Any CPU
		{992B3173-D334-474E-B01A-31BFFE162772}.Release|Any CPU.Build.0 = Release|Any CPU
		{438DCA81-BBF4-4D35-9917-47F7282F44FC}.Debug|Any CPU.ActiveCfg = Debug|Any CPU
		{438DCA81-BBF4-4D35-9917-47F7282F44FC}.Debug|Any CPU.Build.0 = Debug|Any CPU
		{438DCA81-BBF4-4D35-9917-47F7282F44FC}.Release|Any CPU.ActiveCfg = Release|Any CPU
		{438DCA81-BBF4-4D35-9917-47F7282F44FC}.Release|Any CPU.Build.0 = Release|Any CPU
		{4C65310C-D2E8-42CD-A50E-0B4528D9EC84}.Debug|Any CPU.ActiveCfg = Debug|Any CPU
		{4C65310C-D2E8-42CD-A50E-0B4528D9EC84}.Debug|Any CPU.Build.0 = Debug|Any CPU
		{4C65310C-D2E8-42CD-A50E-0B4528D9EC84}.Release|Any CPU.ActiveCfg = Release|Any CPU
		{4C65310C-D2E8-42CD-A50E-0B4528D9EC84}.Release|Any CPU.Build.0 = Release|Any CPU
		{5401A299-40FA-4964-8050-3B0A510E85E3}.Debug|Any CPU.ActiveCfg = Debug|Any CPU
		{5401A299-40FA-4964-8050-3B0A510E85E3}.Debug|Any CPU.Build.0 = Debug|Any CPU
		{5401A299-40FA-4964-8050-3B0A510E85E3}.Release|Any CPU.ActiveCfg = Release|Any CPU
		{5401A299-40FA-4964-8050-3B0A510E85E3}.Release|Any CPU.Build.0 = Release|Any CPU
		{3B9D8256-E672-4B73-835B-809054C53773}.Debug|Any CPU.ActiveCfg = Debug|Any CPU
		{3B9D8256-E672-4B73-835B-809054C53773}.Debug|Any CPU.Build.0 = Debug|Any CPU
		{3B9D8256-E672-4B73-835B-809054C53773}.Release|Any CPU.ActiveCfg = Release|Any CPU
		{3B9D8256-E672-4B73-835B-809054C53773}.Release|Any CPU.Build.0 = Release|Any CPU
		{9C340C08-FBDE-4C19-BBCF-803393BDE25E}.Debug|Any CPU.ActiveCfg = Debug|Any CPU
		{9C340C08-FBDE-4C19-BBCF-803393BDE25E}.Debug|Any CPU.Build.0 = Debug|Any CPU
		{9C340C08-FBDE-4C19-BBCF-803393BDE25E}.Release|Any CPU.ActiveCfg = Release|Any CPU
		{9C340C08-FBDE-4C19-BBCF-803393BDE25E}.Release|Any CPU.Build.0 = Release|Any CPU
		{EF37DE68-68D8-4EDA-AC51-928EE6950034}.Debug|Any CPU.ActiveCfg = Debug|Any CPU
		{EF37DE68-68D8-4EDA-AC51-928EE6950034}.Debug|Any CPU.Build.0 = Debug|Any CPU
		{EF37DE68-68D8-4EDA-AC51-928EE6950034}.Release|Any CPU.ActiveCfg = Release|Any CPU
		{EF37DE68-68D8-4EDA-AC51-928EE6950034}.Release|Any CPU.Build.0 = Release|Any CPU
		{66235791-0D17-4E3B-8A56-D61A575B899A}.Debug|Any CPU.ActiveCfg = Debug|Any CPU
		{66235791-0D17-4E3B-8A56-D61A575B899A}.Debug|Any CPU.Build.0 = Debug|Any CPU
		{66235791-0D17-4E3B-8A56-D61A575B899A}.Release|Any CPU.ActiveCfg = Release|Any CPU
		{66235791-0D17-4E3B-8A56-D61A575B899A}.Release|Any CPU.Build.0 = Release|Any CPU
		{9B71B976-419E-4DB8-A9A9-E862AC000E1B}.Debug|Any CPU.ActiveCfg = Debug|Any CPU
		{9B71B976-419E-4DB8-A9A9-E862AC000E1B}.Debug|Any CPU.Build.0 = Debug|Any CPU
		{9B71B976-419E-4DB8-A9A9-E862AC000E1B}.Release|Any CPU.ActiveCfg = Release|Any CPU
		{9B71B976-419E-4DB8-A9A9-E862AC000E1B}.Release|Any CPU.Build.0 = Release|Any CPU
		{379A58EA-971E-47B9-8F15-5CBAC3002E02}.Debug|Any CPU.ActiveCfg = Debug|Any CPU
		{379A58EA-971E-47B9-8F15-5CBAC3002E02}.Debug|Any CPU.Build.0 = Debug|Any CPU
		{379A58EA-971E-47B9-8F15-5CBAC3002E02}.Release|Any CPU.ActiveCfg = Release|Any CPU
		{379A58EA-971E-47B9-8F15-5CBAC3002E02}.Release|Any CPU.Build.0 = Release|Any CPU
		{2F52A9DB-3A50-48AA-A5D2-2456ECD0843C}.Debug|Any CPU.ActiveCfg = Debug|Any CPU
		{2F52A9DB-3A50-48AA-A5D2-2456ECD0843C}.Debug|Any CPU.Build.0 = Debug|Any CPU
		{2F52A9DB-3A50-48AA-A5D2-2456ECD0843C}.Release|Any CPU.ActiveCfg = Release|Any CPU
		{2F52A9DB-3A50-48AA-A5D2-2456ECD0843C}.Release|Any CPU.Build.0 = Release|Any CPU
		{ACAC523B-25A2-4105-A59E-90BA0A528007}.Debug|Any CPU.ActiveCfg = Debug|Any CPU
		{ACAC523B-25A2-4105-A59E-90BA0A528007}.Debug|Any CPU.Build.0 = Debug|Any CPU
		{ACAC523B-25A2-4105-A59E-90BA0A528007}.Release|Any CPU.ActiveCfg = Release|Any CPU
		{ACAC523B-25A2-4105-A59E-90BA0A528007}.Release|Any CPU.Build.0 = Release|Any CPU
		{7F5B4A7B-7608-4AB3-9262-441466F86797}.Debug|Any CPU.ActiveCfg = Debug|Any CPU
		{7F5B4A7B-7608-4AB3-9262-441466F86797}.Debug|Any CPU.Build.0 = Debug|Any CPU
		{7F5B4A7B-7608-4AB3-9262-441466F86797}.Release|Any CPU.ActiveCfg = Release|Any CPU
		{7F5B4A7B-7608-4AB3-9262-441466F86797}.Release|Any CPU.Build.0 = Release|Any CPU
		{34FAA7B5-563C-4492-AAC9-E9391313CF88}.Debug|Any CPU.ActiveCfg = Debug|Any CPU
		{34FAA7B5-563C-4492-AAC9-E9391313CF88}.Debug|Any CPU.Build.0 = Debug|Any CPU
		{34FAA7B5-563C-4492-AAC9-E9391313CF88}.Release|Any CPU.ActiveCfg = Release|Any CPU
		{34FAA7B5-563C-4492-AAC9-E9391313CF88}.Release|Any CPU.Build.0 = Release|Any CPU
		{D4DC2CE3-7AED-47AF-A145-1D32A19783C1}.Debug|Any CPU.ActiveCfg = Debug|Any CPU
		{D4DC2CE3-7AED-47AF-A145-1D32A19783C1}.Debug|Any CPU.Build.0 = Debug|Any CPU
		{D4DC2CE3-7AED-47AF-A145-1D32A19783C1}.Release|Any CPU.ActiveCfg = Release|Any CPU
		{D4DC2CE3-7AED-47AF-A145-1D32A19783C1}.Release|Any CPU.Build.0 = Release|Any CPU
		{11828765-C336-4442-B50C-845168ABEA25}.Debug|Any CPU.ActiveCfg = Debug|Any CPU
		{11828765-C336-4442-B50C-845168ABEA25}.Debug|Any CPU.Build.0 = Debug|Any CPU
		{11828765-C336-4442-B50C-845168ABEA25}.Release|Any CPU.ActiveCfg = Release|Any CPU
		{11828765-C336-4442-B50C-845168ABEA25}.Release|Any CPU.Build.0 = Release|Any CPU
		{318AB271-550C-463D-90ED-EFA9E96E3D66}.Debug|Any CPU.ActiveCfg = Debug|Any CPU
		{318AB271-550C-463D-90ED-EFA9E96E3D66}.Debug|Any CPU.Build.0 = Debug|Any CPU
		{318AB271-550C-463D-90ED-EFA9E96E3D66}.Release|Any CPU.ActiveCfg = Release|Any CPU
		{318AB271-550C-463D-90ED-EFA9E96E3D66}.Release|Any CPU.Build.0 = Release|Any CPU
	EndGlobalSection
	GlobalSection(SolutionProperties) = preSolution
		HideSolutionNode = FALSE
	EndGlobalSection
	GlobalSection(NestedProjects) = preSolution
		{E7BCA462-378F-4A2F-87F5-FB2B65AD1C05} = {782D5FD3-AC43-4534-8286-6843772BCD34}
		{E22E80B7-62DC-44E9-AB35-7FA752449E9D} = {782D5FD3-AC43-4534-8286-6843772BCD34}
		{1DD0C9E1-3998-495B-A93C-39193AE320BD} = {782D5FD3-AC43-4534-8286-6843772BCD34}
		{4E62A903-777F-4719-92D9-CAAF14A5BBC8} = {782D5FD3-AC43-4534-8286-6843772BCD34}
		{091AB3C9-7134-47C7-A01A-F79A8F11A4E7} = {782D5FD3-AC43-4534-8286-6843772BCD34}
		{7BF6938B-9392-4439-8E53-D6B51B962A4A} = {782D5FD3-AC43-4534-8286-6843772BCD34}
		{98CD4E9E-C589-4AB1-8951-84630D8CD022} = {782D5FD3-AC43-4534-8286-6843772BCD34}
		{0B7E7CB8-75C1-4E31-9BBD-DC72CB87B890} = {782D5FD3-AC43-4534-8286-6843772BCD34}
		{B9A7E05D-C98A-4363-85B8-55579B961AB3} = {782D5FD3-AC43-4534-8286-6843772BCD34}
		{F338ED92-E939-4555-B9D8-30FCFE3E2EF0} = {782D5FD3-AC43-4534-8286-6843772BCD34}
		{2767EF5D-433A-4091-A3FE-79C76CBA5DEC} = {782D5FD3-AC43-4534-8286-6843772BCD34}
		{FFF41587-5F15-4F27-B5D7-13393F766710} = {782D5FD3-AC43-4534-8286-6843772BCD34}
		{BF1BB64A-255B-4F8D-B572-49C23673B568} = {782D5FD3-AC43-4534-8286-6843772BCD34}
		{53BE9C94-393F-46DF-89DD-CC9CAA09ECF3} = {782D5FD3-AC43-4534-8286-6843772BCD34}
		{5BE4B031-7E8D-49CC-B1C8-8352BFF959AB} = {782D5FD3-AC43-4534-8286-6843772BCD34}
		{992B3173-D334-474E-B01A-31BFFE162772} = {782D5FD3-AC43-4534-8286-6843772BCD34}
		{438DCA81-BBF4-4D35-9917-47F7282F44FC} = {782D5FD3-AC43-4534-8286-6843772BCD34}
		{4C65310C-D2E8-42CD-A50E-0B4528D9EC84} = {782D5FD3-AC43-4534-8286-6843772BCD34}
		{5401A299-40FA-4964-8050-3B0A510E85E3} = {A15A0C2C-0F00-4A5B-BE12-65A64D1B6F9E}
		{3B9D8256-E672-4B73-835B-809054C53773} = {A15A0C2C-0F00-4A5B-BE12-65A64D1B6F9E}
		{9C340C08-FBDE-4C19-BBCF-803393BDE25E} = {A15A0C2C-0F00-4A5B-BE12-65A64D1B6F9E}
		{EF37DE68-68D8-4EDA-AC51-928EE6950034} = {2192D81A-1529-4206-9B6B-CDA56B525704}
		{66235791-0D17-4E3B-8A56-D61A575B899A} = {2192D81A-1529-4206-9B6B-CDA56B525704}
		{9B71B976-419E-4DB8-A9A9-E862AC000E1B} = {BEFDE562-802F-46D1-93F3-6ED0CC4CE284}
		{379A58EA-971E-47B9-8F15-5CBAC3002E02} = {BEFDE562-802F-46D1-93F3-6ED0CC4CE284}
		{2F52A9DB-3A50-48AA-A5D2-2456ECD0843C} = {21D3B30E-B52A-4858-A885-F69AD60E2BEF}
		{ACAC523B-25A2-4105-A59E-90BA0A528007} = {21D3B30E-B52A-4858-A885-F69AD60E2BEF}
		{7F5B4A7B-7608-4AB3-9262-441466F86797} = {21D3B30E-B52A-4858-A885-F69AD60E2BEF}
		{34FAA7B5-563C-4492-AAC9-E9391313CF88} = {6157098C-B166-4605-A92E-D901C058F16F}
		{D4DC2CE3-7AED-47AF-A145-1D32A19783C1} = {C14EF0F4-0108-41F9-A5E8-4CAA5FBE6E2E}
		{11828765-C336-4442-B50C-845168ABEA25} = {C14EF0F4-0108-41F9-A5E8-4CAA5FBE6E2E}
		{318AB271-550C-463D-90ED-EFA9E96E3D66} = {51458713-A9AA-448B-A527-91DB8CA9D91A}
	EndGlobalSection
	GlobalSection(ExtensibilityGlobals) = postSolution
		SolutionGuid = {AEE1505E-B048-40A6-B829-34E858D64DA5}
	EndGlobalSection
EndGlobal
